
Microsoft Visual Studio Solution File, Format Version 12.00
# Visual Studio 14
VisualStudioVersion = 14.0.25420.1
MinimumVisualStudioVersion = 10.0.40219.1
Project("{FAE04EC0-301F-11D3-BF4B-00C04F79EFBC}") = "Tarea_3.Dominio.Entidades", "Tarea_3.Dominio.Entidades\Tarea_3.Dominio.Entidades.csproj", "{ED4082F0-9B7C-47A6-911F-FE53C32DECB8}"
EndProject
Project("{FAE04EC0-301F-11D3-BF4B-00C04F79EFBC}") = "Tarea_3.Dominio.UTL", "Tarea_3.Dominio.UTL\Tarea_3.Dominio.UTL.csproj", "{B1CF09A8-4965-4AA2-A239-10958921A7EE}"
EndProject
Project("{FAE04EC0-301F-11D3-BF4B-00C04F79EFBC}") = "Tarea_3.UI", "Tarea_3.UI\Tarea_3.UI.csproj", "{D365DCE0-C137-4A06-988F-8C75704437D9}"
EndProject
Global
	GlobalSection(SolutionConfigurationPlatforms) = preSolution
		Debug|Any CPU = Debug|Any CPU
		Release|Any CPU = Release|Any CPU
	EndGlobalSection
	GlobalSection(ProjectConfigurationPlatforms) = postSolution
		{ED4082F0-9B7C-47A6-911F-FE53C32DECB8}.Debug|Any CPU.ActiveCfg = Debug|Any CPU
		{ED4082F0-9B7C-47A6-911F-FE53C32DECB8}.Debug|Any CPU.Build.0 = Debug|Any CPU
		{ED4082F0-9B7C-47A6-911F-FE53C32DECB8}.Release|Any CPU.ActiveCfg = Release|Any CPU
		{ED4082F0-9B7C-47A6-911F-FE53C32DECB8}.Release|Any CPU.Build.0 = Release|Any CPU
		{B1CF09A8-4965-4AA2-A239-10958921A7EE}.Debug|Any CPU.ActiveCfg = Debug|Any CPU
		{B1CF09A8-4965-4AA2-A239-10958921A7EE}.Debug|Any CPU.Build.0 = Debug|Any CPU
		{B1CF09A8-4965-4AA2-A239-10958921A7EE}.Release|Any CPU.ActiveCfg = Release|Any CPU
		{B1CF09A8-4965-4AA2-A239-10958921A7EE}.Release|Any CPU.Build.0 = Release|Any CPU
		{D365DCE0-C137-4A06-988F-8C75704437D9}.Debug|Any CPU.ActiveCfg = Debug|Any CPU
		{D365DCE0-C137-4A06-988F-8C75704437D9}.Debug|Any CPU.Build.0 = Debug|Any CPU
		{D365DCE0-C137-4A06-988F-8C75704437D9}.Release|Any CPU.ActiveCfg = Release|Any CPU
		{D365DCE0-C137-4A06-988F-8C75704437D9}.Release|Any CPU.Build.0 = Release|Any CPU
	EndGlobalSection
	GlobalSection(SolutionProperties) = preSolution
		HideSolutionNode = FALSE
	EndGlobalSection
EndGlobal
